{
  "name": "notes",
  "version": "1.0.0",
  "lockfileVersion": 1,
  "requires": true,
  "dependencies": {
    "gitbook-theme-comscore": {
      "version": "0.0.3",
      "resolved": "http://registry.npm.taobao.org/gitbook-theme-comscore/download/gitbook-theme-comscore-0.0.3.tgz",
      "integrity": "sha1-0ToaThMcYC6JK1dpYY7CNaI/taU="
    }
  }
}
